
Microsoft Visual Studio Solution File, Format Version 12.00
# Visual Studio Version 17
VisualStudioVersion = 17.0.31903.59
MinimumVisualStudioVersion = 10.0.40219.1
Project("{FAE04EC0-301F-11D3-BF4B-00C04F79EFBC}") = "GameDialog.Runner", "GameDialog.Runner\GameDialog.Runner.csproj", "{B81E8480-3E7E-4663-BB1D-F24F705A4CC1}"
EndProject
Project("{FAE04EC0-301F-11D3-BF4B-00C04F79EFBC}") = "GameDialog.Common", "GameDialog.Common\GameDialog.Common.csproj", "{A27473DC-1250-4A89-BB9A-0A9B9BB18DB7}"
EndProject
Global
	GlobalSection(SolutionConfigurationPlatforms) = preSolution
		Debug|Any CPU = Debug|Any CPU
		Release|Any CPU = Release|Any CPU
	EndGlobalSection
	GlobalSection(SolutionProperties) = preSolution
		HideSolutionNode = FALSE
	EndGlobalSection
	GlobalSection(ProjectConfigurationPlatforms) = postSolution
		{B81E8480-3E7E-4663-BB1D-F24F705A4CC1}.Debug|Any CPU.ActiveCfg = Debug|Any CPU
		{B81E8480-3E7E-4663-BB1D-F24F705A4CC1}.Debug|Any CPU.Build.0 = Debug|Any CPU
		{B81E8480-3E7E-4663-BB1D-F24F705A4CC1}.Release|Any CPU.ActiveCfg = Release|Any CPU
		{B81E8480-3E7E-4663-BB1D-F24F705A4CC1}.Release|Any CPU.Build.0 = Release|Any CPU
		{A27473DC-1250-4A89-BB9A-0A9B9BB18DB7}.Debug|Any CPU.ActiveCfg = Debug|Any CPU
		{A27473DC-1250-4A89-BB9A-0A9B9BB18DB7}.Debug|Any CPU.Build.0 = Debug|Any CPU
		{A27473DC-1250-4A89-BB9A-0A9B9BB18DB7}.Release|Any CPU.ActiveCfg = Release|Any CPU
		{A27473DC-1250-4A89-BB9A-0A9B9BB18DB7}.Release|Any CPU.Build.0 = Release|Any CPU
	EndGlobalSection
EndGlobal
