
Microsoft Visual Studio Solution File, Format Version 12.00
# Visual Studio Version 17
VisualStudioVersion = 17.0.31903.59
MinimumVisualStudioVersion = 10.0.40219.1
Project("{FAE04EC0-301F-11D3-BF4B-00C04F79EFBC}") = "GameCore.Dialog.Core", "GameCore.Dialog.Core\GameCore.Dialog.Core.csproj", "{201FFCBA-42F9-415F-AE0B-68BFBCF285F8}"
EndProject
Project("{FAE04EC0-301F-11D3-BF4B-00C04F79EFBC}") = "GameCore.Dialog.Diagnostics", "GameCore.Dialog.Diagnostics\GameCore.Dialog.Diagnostics.csproj", "{EAE254E8-FA63-4FCF-8CC1-B45640EEF5BD}"
EndProject
Project("{FAE04EC0-301F-11D3-BF4B-00C04F79EFBC}") = "GameCore.Dialog.CodeFix", "GameCore.Dialog.CodeFix\GameCore.Dialog.CodeFix.csproj", "{D9050AD5-B9EC-4307-BA11-3DFA6A5265B7}"
EndProject
Project("{FAE04EC0-301F-11D3-BF4B-00C04F79EFBC}") = "GameCore.Dialog.Generator", "GameCore.Dialog.Generator\GameCore.Dialog.Generator.csproj", "{B63B07EB-C127-46C1-9459-411D3801D1A8}"
EndProject
Project("{FAE04EC0-301F-11D3-BF4B-00C04F79EFBC}") = "GameCore.Dialog", "GameCore.Dialog\GameCore.Dialog.csproj", "{B9186BE3-1DB1-4353-80CA-3CA4E9368739}"
EndProject
Global
	GlobalSection(SolutionConfigurationPlatforms) = preSolution
		Debug|Any CPU = Debug|Any CPU
		Debug|x64 = Debug|x64
		Debug|x86 = Debug|x86
		Release|Any CPU = Release|Any CPU
		Release|x64 = Release|x64
		Release|x86 = Release|x86
	EndGlobalSection
	GlobalSection(ProjectConfigurationPlatforms) = postSolution
		{201FFCBA-42F9-415F-AE0B-68BFBCF285F8}.Debug|Any CPU.ActiveCfg = Debug|Any CPU
		{201FFCBA-42F9-415F-AE0B-68BFBCF285F8}.Debug|Any CPU.Build.0 = Debug|Any CPU
		{201FFCBA-42F9-415F-AE0B-68BFBCF285F8}.Debug|x64.ActiveCfg = Debug|Any CPU
		{201FFCBA-42F9-415F-AE0B-68BFBCF285F8}.Debug|x64.Build.0 = Debug|Any CPU
		{201FFCBA-42F9-415F-AE0B-68BFBCF285F8}.Debug|x86.ActiveCfg = Debug|Any CPU
		{201FFCBA-42F9-415F-AE0B-68BFBCF285F8}.Debug|x86.Build.0 = Debug|Any CPU
		{201FFCBA-42F9-415F-AE0B-68BFBCF285F8}.Release|Any CPU.ActiveCfg = Release|Any CPU
		{201FFCBA-42F9-415F-AE0B-68BFBCF285F8}.Release|Any CPU.Build.0 = Release|Any CPU
		{201FFCBA-42F9-415F-AE0B-68BFBCF285F8}.Release|x64.ActiveCfg = Release|Any CPU
		{201FFCBA-42F9-415F-AE0B-68BFBCF285F8}.Release|x64.Build.0 = Release|Any CPU
		{201FFCBA-42F9-415F-AE0B-68BFBCF285F8}.Release|x86.ActiveCfg = Release|Any CPU
		{201FFCBA-42F9-415F-AE0B-68BFBCF285F8}.Release|x86.Build.0 = Release|Any CPU
		{EAE254E8-FA63-4FCF-8CC1-B45640EEF5BD}.Debug|Any CPU.ActiveCfg = Debug|Any CPU
		{EAE254E8-FA63-4FCF-8CC1-B45640EEF5BD}.Debug|Any CPU.Build.0 = Debug|Any CPU
		{EAE254E8-FA63-4FCF-8CC1-B45640EEF5BD}.Debug|x64.ActiveCfg = Debug|Any CPU
		{EAE254E8-FA63-4FCF-8CC1-B45640EEF5BD}.Debug|x64.Build.0 = Debug|Any CPU
		{EAE254E8-FA63-4FCF-8CC1-B45640EEF5BD}.Debug|x86.ActiveCfg = Debug|Any CPU
		{EAE254E8-FA63-4FCF-8CC1-B45640EEF5BD}.Debug|x86.Build.0 = Debug|Any CPU
		{EAE254E8-FA63-4FCF-8CC1-B45640EEF5BD}.Release|Any CPU.ActiveCfg = Release|Any CPU
		{EAE254E8-FA63-4FCF-8CC1-B45640EEF5BD}.Release|Any CPU.Build.0 = Release|Any CPU
		{EAE254E8-FA63-4FCF-8CC1-B45640EEF5BD}.Release|x64.ActiveCfg = Release|Any CPU
		{EAE254E8-FA63-4FCF-8CC1-B45640EEF5BD}.Release|x64.Build.0 = Release|Any CPU
		{EAE254E8-FA63-4FCF-8CC1-B45640EEF5BD}.Release|x86.ActiveCfg = Release|Any CPU
		{EAE254E8-FA63-4FCF-8CC1-B45640EEF5BD}.Release|x86.Build.0 = Release|Any CPU
		{D9050AD5-B9EC-4307-BA11-3DFA6A5265B7}.Debug|Any CPU.ActiveCfg = Debug|Any CPU
		{D9050AD5-B9EC-4307-BA11-3DFA6A5265B7}.Debug|Any CPU.Build.0 = Debug|Any CPU
		{D9050AD5-B9EC-4307-BA11-3DFA6A5265B7}.Debug|x64.ActiveCfg = Debug|Any CPU
		{D9050AD5-B9EC-4307-BA11-3DFA6A5265B7}.Debug|x64.Build.0 = Debug|Any CPU
		{D9050AD5-B9EC-4307-BA11-3DFA6A5265B7}.Debug|x86.ActiveCfg = Debug|Any CPU
		{D9050AD5-B9EC-4307-BA11-3DFA6A5265B7}.Debug|x86.Build.0 = Debug|Any CPU
		{D9050AD5-B9EC-4307-BA11-3DFA6A5265B7}.Release|Any CPU.ActiveCfg = Release|Any CPU
		{D9050AD5-B9EC-4307-BA11-3DFA6A5265B7}.Release|Any CPU.Build.0 = Release|Any CPU
		{D9050AD5-B9EC-4307-BA11-3DFA6A5265B7}.Release|x64.ActiveCfg = Release|Any CPU
		{D9050AD5-B9EC-4307-BA11-3DFA6A5265B7}.Release|x64.Build.0 = Release|Any CPU
		{D9050AD5-B9EC-4307-BA11-3DFA6A5265B7}.Release|x86.ActiveCfg = Release|Any CPU
		{D9050AD5-B9EC-4307-BA11-3DFA6A5265B7}.Release|x86.Build.0 = Release|Any CPU
		{B63B07EB-C127-46C1-9459-411D3801D1A8}.Debug|Any CPU.ActiveCfg = Debug|Any CPU
		{B63B07EB-C127-46C1-9459-411D3801D1A8}.Debug|Any CPU.Build.0 = Debug|Any CPU
		{B63B07EB-C127-46C1-9459-411D3801D1A8}.Debug|x64.ActiveCfg = Debug|Any CPU
		{B63B07EB-C127-46C1-9459-411D3801D1A8}.Debug|x64.Build.0 = Debug|Any CPU
		{B63B07EB-C127-46C1-9459-411D3801D1A8}.Debug|x86.ActiveCfg = Debug|Any CPU
		{B63B07EB-C127-46C1-9459-411D3801D1A8}.Debug|x86.Build.0 = Debug|Any CPU
		{B63B07EB-C127-46C1-9459-411D3801D1A8}.Release|Any CPU.ActiveCfg = Release|Any CPU
		{B63B07EB-C127-46C1-9459-411D3801D1A8}.Release|Any CPU.Build.0 = Release|Any CPU
		{B63B07EB-C127-46C1-9459-411D3801D1A8}.Release|x64.ActiveCfg = Release|Any CPU
		{B63B07EB-C127-46C1-9459-411D3801D1A8}.Release|x64.Build.0 = Release|Any CPU
		{B63B07EB-C127-46C1-9459-411D3801D1A8}.Release|x86.ActiveCfg = Release|Any CPU
		{B63B07EB-C127-46C1-9459-411D3801D1A8}.Release|x86.Build.0 = Release|Any CPU
		{B9186BE3-1DB1-4353-80CA-3CA4E9368739}.Debug|Any CPU.ActiveCfg = Debug|Any CPU
		{B9186BE3-1DB1-4353-80CA-3CA4E9368739}.Debug|Any CPU.Build.0 = Debug|Any CPU
		{B9186BE3-1DB1-4353-80CA-3CA4E9368739}.Debug|x64.ActiveCfg = Debug|Any CPU
		{B9186BE3-1DB1-4353-80CA-3CA4E9368739}.Debug|x64.Build.0 = Debug|Any CPU
		{B9186BE3-1DB1-4353-80CA-3CA4E9368739}.Debug|x86.ActiveCfg = Debug|Any CPU
		{B9186BE3-1DB1-4353-80CA-3CA4E9368739}.Debug|x86.Build.0 = Debug|Any CPU
		{B9186BE3-1DB1-4353-80CA-3CA4E9368739}.Release|Any CPU.ActiveCfg = Release|Any CPU
		{B9186BE3-1DB1-4353-80CA-3CA4E9368739}.Release|Any CPU.Build.0 = Release|Any CPU
		{B9186BE3-1DB1-4353-80CA-3CA4E9368739}.Release|x64.ActiveCfg = Release|Any CPU
		{B9186BE3-1DB1-4353-80CA-3CA4E9368739}.Release|x64.Build.0 = Release|Any CPU
		{B9186BE3-1DB1-4353-80CA-3CA4E9368739}.Release|x86.ActiveCfg = Release|Any CPU
		{B9186BE3-1DB1-4353-80CA-3CA4E9368739}.Release|x86.Build.0 = Release|Any CPU
	EndGlobalSection
	GlobalSection(SolutionProperties) = preSolution
		HideSolutionNode = FALSE
	EndGlobalSection
EndGlobal
